// !$*UTF8*$!
{
	archiveVersion = 1;
	classes = {
	};
	objectVersion = 56;
	objects = {

/* Begin PBXBuildFile section */
		7D40656B29DC7E1B000A8119 /* AppDelegate.swift in Sources */ = {isa = PBXBuildFile; fileRef = 7D40656A29DC7E1B000A8119 /* AppDelegate.swift */; };
		7D40656D29DC7E1B000A8119 /* SceneDelegate.swift in Sources */ = {isa = PBXBuildFile; fileRef = 7D40656C29DC7E1B000A8119 /* SceneDelegate.swift */; };
		7D40656F29DC7E1B000A8119 /* ViewController.swift in Sources */ = {isa = PBXBuildFile; fileRef = 7D40656E29DC7E1B000A8119 /* ViewController.swift */; };
		7D40657229DC7E1B000A8119 /* Main.storyboard in Resources */ = {isa = PBXBuildFile; fileRef = 7D40657029DC7E1B000A8119 /* Main.storyboard */; };
		7D40657529DC7E1B000A8119 /* mayTinh.xcdatamodeld in Sources */ = {isa = PBXBuildFile; fileRef = 7D40657329DC7E1B000A8119 /* mayTinh.xcdatamodeld */; };
		7D40657729DC7E1C000A8119 /* Assets.xcassets in Resources */ = {isa = PBXBuildFile; fileRef = 7D40657629DC7E1C000A8119 /* Assets.xcassets */; };
		7D40657A29DC7E1C000A8119 /* LaunchScreen.storyboard in Resources */ = {isa = PBXBuildFile; fileRef = 7D40657829DC7E1C000A8119 /* LaunchScreen.storyboard */; };
		7D40658529DC7E1C000A8119 /* mayTinhTests.swift in Sources */ = {isa = PBXBuildFile; fileRef = 7D40658429DC7E1C000A8119 /* mayTinhTests.swift */; };
		7D40658F29DC7E1C000A8119 /* mayTinhUITests.swift in Sources */ = {isa = PBXBuildFile; fileRef = 7D40658E29DC7E1C000A8119 /* mayTinhUITests.swift */; };
		7D40659129DC7E1C000A8119 /* mayTinhUITestsLaunchTests.swift in Sources */ = {isa = PBXBuildFile; fileRef = 7D40659029DC7E1C000A8119 /* mayTinhUITestsLaunchTests.swift */; };
/* End PBXBuildFile section */

/* Begin PBXContainerItemProxy section */
		7D40658129DC7E1C000A8119 /* PBXContainerItemProxy */ = {
			isa = PBXContainerItemProxy;
			containerPortal = 7D40655F29DC7E1B000A8119 /* Project object */;
			proxyType = 1;
			remoteGlobalIDString = 7D40656629DC7E1B000A8119;
			remoteInfo = mayTinh;
		};
		7D40658B29DC7E1C000A8119 /* PBXContainerItemProxy */ = {
			isa = PBXContainerItemProxy;
			containerPortal = 7D40655F29DC7E1B000A8119 /* Project object */;
			proxyType = 1;
			remoteGlobalIDString = 7D40656629DC7E1B000A8119;
			remoteInfo = mayTinh;
		};
/* End PBXContainerItemProxy section */

/* Begin PBXFileReference section */
		7D40656729DC7E1B000A8119 /* mayTinh.app */ = {isa = PBXFileReference; explicitFileType = wrapper.application; includeInIndex = 0; path = mayTinh.app; sourceTree = BUILT_PRODUCTS_DIR; };
		7D40656A29DC7E1B000A8119 /* AppDelegate.swift */ = {isa = PBXFileReference; lastKnownFileType = sourcecode.swift; path = AppDelegate.swift; sourceTree = "<group>"; };
		7D40656C29DC7E1B000A8119 /* SceneDelegate.swift */ = {isa = PBXFileReference; lastKnownFileType = sourcecode.swift; path = SceneDelegate.swift; sourceTree = "<group>"; };
		7D40656E29DC7E1B000A8119 /* ViewController.swift */ = {isa = PBXFileReference; lastKnownFileType = sourcecode.swift; path = ViewController.swift; sourceTree = "<group>"; };
		7D40657129DC7E1B000A8119 /* Base */ = {isa = PBXFileReference; lastKnownFileType = file.storyboard; name = Base; path = Base.lproj/Main.storyboard; sourceTree = "<group>"; };
		7D40657429DC7E1B000A8119 /* mayTinh.xcdatamodel */ = {isa = PBXFileReference; lastKnownFileType = wrapper.xcdatamodel; path = mayTinh.xcdatamodel; sourceTree = "<group>"; };
		7D40657629DC7E1C000A8119 /* Assets.xcassets */ = {isa = PBXFileReference; lastKnownFileType = folder.assetcatalog; path = Assets.xcassets; sourceTree = "<group>"; };
		7D40657929DC7E1C000A8119 /* Base */ = {isa = PBXFileReference; lastKnownFileType = file.storyboard; name = Base; path = Base.lproj/LaunchScreen.storyboard; sourceTree = "<group>"; };
		7D40657B29DC7E1C000A8119 /* Info.plist */ = {isa = PBXFileReference; lastKnownFileType = text.plist.xml; path = Info.plist; sourceTree = "<group>"; };
		7D40658029DC7E1C000A8119 /* mayTinhTests.xctest */ = {isa = PBXFileReference; explicitFileType = wrapper.cfbundle; includeInIndex = 0; path = mayTinhTests.xctest; sourceTree = BUILT_PRODUCTS_DIR; };
		7D40658429DC7E1C000A8119 /* mayTinhTests.swift */ = {isa = PBXFileReference; lastKnownFileType = sourcecode.swift; path = mayTinhTests.swift; sourceTree = "<group>"; };
		7D40658A29DC7E1C000A8119 /* mayTinhUITests.xctest */ = {isa = PBXFileReference; explicitFileType = wrapper.cfbundle; includeInIndex = 0; path = mayTinhUITests.xctest; sourceTree = BUILT_PRODUCTS_DIR; };
		7D40658E29DC7E1C000A8119 /* mayTinhUITests.swift */ = {isa = PBXFileReference; lastKnownFileType = sourcecode.swift; path = mayTinhUITests.swift; sourceTree = "<group>"; };
		7D40659029DC7E1C000A8119 /* mayTinhUITestsLaunchTests.swift */ = {isa = PBXFileReference; lastKnownFileType = sourcecode.swift; path = mayTinhUITestsLaunchTests.swift; sourceTree = "<group>"; };
/* End PBXFileReference section */

/* Begin PBXFrameworksBuildPhase section */
		7D40656429DC7E1B000A8119 /* Frameworks */ = {
			isa = PBXFrameworksBuildPhase;
			buildActionMask = 2147483647;
			files = (
			);
			runOnlyForDeploymentPostprocessing = 0;
		};
		7D40657D29DC7E1C000A8119 /* Frameworks */ = {
			isa = PBXFrameworksBuildPhase;
			buildActionMask = 2147483647;
			files = (
			);
			runOnlyForDeploymentPostprocessing = 0;
		};
		7D40658729DC7E1C000A8119 /* Frameworks */ = {
			isa = PBXFrameworksBuildPhase;
			buildActionMask = 2147483647;
			files = (
			);
			runOnlyForDeploymentPostprocessing = 0;
		};
/* End PBXFrameworksBuildPhase section */

/* Begin PBXGroup section */
		7D40655E29DC7E1B000A8119 = {
			isa = PBXGroup;
			children = (
				7D40656929DC7E1B000A8119 /* mayTinh */,
				7D40658329DC7E1C000A8119 /* mayTinhTests */,
				7D40658D29DC7E1C000A8119 /* mayTinhUITests */,
				7D40656829DC7E1B000A8119 /* Products */,
			);
			sourceTree = "<group>";
		};
		7D40656829DC7E1B000A8119 /* Products */ = {
			isa = PBXGroup;
			children = (
				7D40656729DC7E1B000A8119 /* mayTinh.app */,
				7D40658029DC7E1C000A8119 /* mayTinhTests.xctest */,
				7D40658A29DC7E1C000A8119 /* mayTinhUITests.xctest */,
			);
			name = Products;
			sourceTree = "<group>";
		};
		7D40656929DC7E1B000A8119 /* mayTinh */ = {
			isa = PBXGroup;
			children = (
				7D40656A29DC7E1B000A8119 /* AppDelegate.swift */,
				7D40656C29DC7E1B000A8119 /* SceneDelegate.swift */,
				7D40656E29DC7E1B000A8119 /* ViewController.swift */,
				7D40657029DC7E1B000A8119 /* Main.storyboard */,
				7D40657629DC7E1C000A8119 /* Assets.xcassets */,
				7D40657829DC7E1C000A8119 /* LaunchScreen.storyboard */,
				7D40657B29DC7E1C000A8119 /* Info.plist */,
				7D40657329DC7E1B000A8119 /* mayTinh.xcdatamodeld */,
			);
			path = mayTinh;
			sourceTree = "<group>";
		};
		7D40658329DC7E1C000A8119 /* mayTinhTests */ = {
			isa = PBXGroup;
			children = (
				7D40658429DC7E1C000A8119 /* mayTinhTests.swift */,
			);
			path = mayTinhTests;
			sourceTree = "<group>";
		};
		7D40658D29DC7E1C000A8119 /* mayTinhUITests */ = {
			isa = PBXGroup;
			children = (
				7D40658E29DC7E1C000A8119 /* mayTinhUITests.swift */,
				7D40659029DC7E1C000A8119 /* mayTinhUITestsLaunchTests.swift */,
			);
			path = mayTinhUITests;
			sourceTree = "<group>";
		};
/* End PBXGroup section */

/* Begin PBXNativeTarget section */
		7D40656629DC7E1B000A8119 /* mayTinh */ = {
			isa = PBXNativeTarget;
			buildConfigurationList = 7D40659429DC7E1C000A8119 /* Build configuration list for PBXNativeTarget "mayTinh" */;
			buildPhases = (
				7D40656329DC7E1B000A8119 /* Sources */,
				7D40656429DC7E1B000A8119 /* Frameworks */,
				7D40656529DC7E1B000A8119 /* Resources */,
			);
			buildRules = (
			);
			dependencies = (
			);
			name = mayTinh;
			productName = mayTinh;
			productReference = 7D40656729DC7E1B000A8119 /* mayTinh.app */;
			productType = "com.apple.product-type.application";
		};
		7D40657F29DC7E1C000A8119 /* mayTinhTests */ = {
			isa = PBXNativeTarget;
			buildConfigurationList = 7D40659729DC7E1C000A8119 /* Build configuration list for PBXNativeTarget "mayTinhTests" */;
			buildPhases = (
				7D40657C29DC7E1C000A8119 /* Sources */,
				7D40657D29DC7E1C000A8119 /* Frameworks */,
				7D40657E29DC7E1C000A8119 /* Resources */,
			);
			buildRules = (
			);
			dependencies = (
				7D40658229DC7E1C000A8119 /* PBXTargetDependency */,
			);
			name = mayTinhTests;
			productName = mayTinhTests;
			productReference = 7D40658029DC7E1C000A8119 /* mayTinhTests.xctest */;
			productType = "com.apple.product-type.bundle.unit-test";
		};
		7D40658929DC7E1C000A8119 /* mayTinhUITests */ = {
			isa = PBXNativeTarget;
			buildConfigurationList = 7D40659A29DC7E1C000A8119 /* Build configuration list for PBXNativeTarget "mayTinhUITests" */;
			buildPhases = (
				7D40658629DC7E1C000A8119 /* Sources */,
				7D40658729DC7E1C000A8119 /* Frameworks */,
				7D40658829DC7E1C000A8119 /* Resources */,
			);
			buildRules = (
			);
			dependencies = (
				7D40658C29DC7E1C000A8119 /* PBXTargetDependency */,
			);
			name = mayTinhUITests;
			productName = mayTinhUITests;
			productReference = 7D40658A29DC7E1C000A8119 /* mayTinhUITests.xctest */;
			productType = "com.apple.product-type.bundle.ui-testing";
		};
/* End PBXNativeTarget section */

/* Begin PBXProject section */
		7D40655F29DC7E1B000A8119 /* Project object */ = {
			isa = PBXProject;
			attributes = {
				BuildIndependentTargetsInParallel = 1;
				LastSwiftUpdateCheck = 1430;
				LastUpgradeCheck = 1430;
				TargetAttributes = {
					7D40656629DC7E1B000A8119 = {
						CreatedOnToolsVersion = 14.3;
					};
					7D40657F29DC7E1C000A8119 = {
						CreatedOnToolsVersion = 14.3;
						TestTargetID = 7D40656629DC7E1B000A8119;
					};
					7D40658929DC7E1C000A8119 = {
						CreatedOnToolsVersion = 14.3;
						TestTargetID = 7D40656629DC7E1B000A8119;
					};
				};
			};
			buildConfigurationList = 7D40656229DC7E1B000A8119 /* Build configuration list for PBXProject "mayTinh" */;
			compatibilityVersion = "Xcode 14.0";
			developmentRegion = en;
			hasScannedForEncodings = 0;
			knownRegions = (
				en,
				Base,
			);
			mainGroup = 7D40655E29DC7E1B000A8119;
			productRefGroup = 7D40656829DC7E1B000A8119 /* Products */;
			projectDirPath = "";
			projectRoot = "";
			targets = (
				7D40656629DC7E1B000A8119 /* mayTinh */,
				7D40657F29DC7E1C000A8119 /* mayTinhTests */,
				7D40658929DC7E1C000A8119 /* mayTinhUITests */,
			);
		};
/* End PBXProject section */

/* Begin PBXResourcesBuildPhase section */
		7D40656529DC7E1B000A8119 /* Resources */ = {
			isa = PBXResourcesBuildPhase;
			buildActionMask = 2147483647;
			files = (
				7D40657A29DC7E1C000A8119 /* LaunchScreen.storyboard in Resources */,
				7D40657729DC7E1C000A8119 /* Assets.xcassets in Resources */,
				7D40657229DC7E1B000A8119 /* Main.storyboard in Resources */,
			);
			runOnlyForDeploymentPostprocessing = 0;
		};
		7D40657E29DC7E1C000A8119 /* Resources */ = {
			isa = PBXResourcesBuildPhase;
			buildActionMask = 2147483647;
			files = (
			);
			runOnlyForDeploymentPostprocessing = 0;
		};
		7D40658829DC7E1C000A8119 /* Resources */ = {
			isa = PBXResourcesBuildPhase;
			buildActionMask = 2147483647;
			files = (
			);
			runOnlyForDeploymentPostprocessing = 0;
		};
/* End PBXResourcesBuildPhase section */

/* Begin PBXSourcesBuildPhase section */
		7D40656329DC7E1B000A8119 /* Sources */ = {
			isa = PBXSourcesBuildPhase;
			buildActionMask = 2147483647;
			files = (
				7D40656F29DC7E1B000A8119 /* ViewController.swift in Sources */,
				7D40656B29DC7E1B000A8119 /* AppDelegate.swift in Sources */,
				7D40657529DC7E1B000A8119 /* mayTinh.xcdatamodeld in Sources */,
				7D40656D29DC7E1B000A8119 /* SceneDelegate.swift in Sources */,
			);
			runOnlyForDeploymentPostprocessing = 0;
		};
		7D40657C29DC7E1C000A8119 /* Sources */ = {
			isa = PBXSourcesBuildPhase;
			buildActionMask = 2147483647;
			files = (
				7D40658529DC7E1C000A8119 /* mayTinhTests.swift in Sources */,
			);
			runOnlyForDeploymentPostprocessing = 0;
		};
		7D40658629DC7E1C000A8119 /* Sources */ = {
			isa = PBXSourcesBuildPhase;
			buildActionMask = 2147483647;
			files = (
				7D40658F29DC7E1C000A8119 /* mayTinhUITests.swift in Sources */,
				7D40659129DC7E1C000A8119 /* mayTinhUITestsLaunchTests.swift in Sources */,
			);
			runOnlyForDeploymentPostprocessing = 0;
		};
/* End PBXSourcesBuildPhase section */

/* Begin PBXTargetDependency section */
		7D40658229DC7E1C000A8119 /* PBXTargetDependency */ = {
			isa = PBXTargetDependency;
			target = 7D40656629DC7E1B000A8119 /* mayTinh */;
			targetProxy = 7D40658129DC7E1C000A8119 /* PBXContainerItemProxy */;
		};
		7D40658C29DC7E1C000A8119 /* PBXTargetDependency */ = {
			isa = PBXTargetDependency;
			target = 7D40656629DC7E1B000A8119 /* mayTinh */;
			targetProxy = 7D40658B29DC7E1C000A8119 /* PBXContainerItemProxy */;
		};
/* End PBXTargetDependency section */

/* Begin PBXVariantGroup section */
		7D40657029DC7E1B000A8119 /* Main.storyboard */ = {
			isa = PBXVariantGroup;
			children = (
				7D40657129DC7E1B000A8119 /* Base */,
			);
			name = Main.storyboard;
			sourceTree = "<group>";
		};
		7D40657829DC7E1C000A8119 /* LaunchScreen.storyboard */ = {
			isa = PBXVariantGroup;
			children = (
				7D40657929DC7E1C000A8119 /* Base */,
			);
			name = LaunchScreen.storyboard;
			sourceTree = "<group>";
		};
/* End PBXVariantGroup section */

/* Begin XCBuildConfiguration section */
		7D40659229DC7E1C000A8119 /* Debug */ = {
			isa = XCBuildConfiguration;
			buildSettings = {
				ALWAYS_SEARCH_USER_PATHS = NO;
				CLANG_ANALYZER_NONNULL = YES;
				CLANG_ANALYZER_NUMBER_OBJECT_CONVERSION = YES_AGGRESSIVE;
				CLANG_CXX_LANGUAGE_STANDARD = "gnu++20";
				CLANG_ENABLE_MODULES = YES;
				CLANG_ENABLE_OBJC_ARC = YES;
				CLANG_ENABLE_OBJC_WEAK = YES;
				CLANG_WARN_BLOCK_CAPTURE_AUTORELEASING = YES;
				CLANG_WARN_BOOL_CONVERSION = YES;
				CLANG_WARN_COMMA = YES;
				CLANG_WARN_CONSTANT_CONVERSION = YES;
				CLANG_WARN_DEPRECATED_OBJC_IMPLEMENTATIONS = YES;
				CLANG_WARN_DIRECT_OBJC_ISA_USAGE = YES_ERROR;
				CLANG_WARN_DOCUMENTATION_COMMENTS = YES;
				CLANG_WARN_EMPTY_BODY = YES;
				CLANG_WARN_ENUM_CONVERSION = YES;
				CLANG_WARN_INFINITE_RECURSION = YES;
				CLANG_WARN_INT_CONVERSION = YES;
				CLANG_WARN_NON_LITERAL_NULL_CONVERSION = YES;
				CLANG_WARN_OBJC_IMPLICIT_RETAIN_SELF = YES;
				CLANG_WARN_OBJC_LITERAL_CONVERSION = YES;
				CLANG_WARN_OBJC_ROOT_CLASS = YES_ERROR;
				CLANG_WARN_QUOTED_INCLUDE_IN_FRAMEWORK_HEADER = YES;
				CLANG_WARN_RANGE_LOOP_ANALYSIS = YES;
				CLANG_WARN_STRICT_PROTOTYPES = YES;
				CLANG_WARN_SUSPICIOUS_MOVE = YES;
				CLANG_WARN_UNGUARDED_AVAILABILITY = YES_AGGRESSIVE;
				CLANG_WARN_UNREACHABLE_CODE = YES;
				CLANG_WARN__DUPLICATE_METHOD_MATCH = YES;
				COPY_PHASE_STRIP = NO;
				DEBUG_INFORMATION_FORMAT = dwarf;
				ENABLE_STRICT_OBJC_MSGSEND = YES;
				ENABLE_TESTABILITY = YES;
				GCC_C_LANGUAGE_STANDARD = gnu11;
				GCC_DYNAMIC_NO_PIC = NO;
				GCC_NO_COMMON_BLOCKS = YES;
				GCC_OPTIMIZATION_LEVEL = 0;
				GCC_PREPROCESSOR_DEFINITIONS = (
					"DEBUG=1",
					"$(inherited)",
				);
				GCC_WARN_64_TO_32_BIT_CONVERSION = YES;
				GCC_WARN_ABOUT_RETURN_TYPE = YES_ERROR;
				GCC_WARN_UNDECLARED_SELECTOR = YES;
				GCC_WARN_UNINITIALIZED_AUTOS = YES_AGGRESSIVE;
				GCC_WARN_UNUSED_FUNCTION = YES;
				GCC_WARN_UNUSED_VARIABLE = YES;
				IPHONEOS_DEPLOYMENT_TARGET = 16.4;
				MTL_ENABLE_DEBUG_INFO = INCLUDE_SOURCE;
				MTL_FAST_MATH = YES;
				ONLY_ACTIVE_ARCH = YES;
				SDKROOT = iphoneos;
				SWIFT_ACTIVE_COMPILATION_CONDITIONS = DEBUG;
				SWIFT_OPTIMIZATION_LEVEL = "-Onone";
			};
			name = Debug;
		};
		7D40659329DC7E1C000A8119 /* Release */ = {
			isa = XCBuildConfiguration;
			buildSettings = {
				ALWAYS_SEARCH_USER_PATHS = NO;
				CLANG_ANALYZER_NONNULL = YES;
				CLANG_ANALYZER_NUMBER_OBJECT_CONVERSION = YES_AGGRESSIVE;
				CLANG_CXX_LANGUAGE_STANDARD = "gnu++20";
				CLANG_ENABLE_MODULES = YES;
				CLANG_ENABLE_OBJC_ARC = YES;
				CLANG_ENABLE_OBJC_WEAK = YES;
				CLANG_WARN_BLOCK_CAPTURE_AUTORELEASING = YES;
				CLANG_WARN_BOOL_CONVERSION = YES;
				CLANG_WARN_COMMA = YES;
				CLANG_WARN_CONSTANT_CONVERSION = YES;
				CLANG_WARN_DEPRECATED_OBJC_IMPLEMENTATIONS = YES;
				CLANG_WARN_DIRECT_OBJC_ISA_USAGE = YES_ERROR;
				CLANG_WARN_DOCUMENTATION_COMMENTS = YES;
				CLANG_WARN_EMPTY_BODY = YES;
				CLANG_WARN_ENUM_CONVERSION = YES;
				CLANG_WARN_INFINITE_RECURSION = YES;
				CLANG_WARN_INT_CONVERSION = YES;
				CLANG_WARN_NON_LITERAL_NULL_CONVERSION = YES;
				CLANG_WARN_OBJC_IMPLICIT_RETAIN_SELF = YES;
				CLANG_WARN_OBJC_LITERAL_CONVERSION = YES;
				CLANG_WARN_OBJC_ROOT_CLASS = YES_ERROR;
				CLANG_WARN_QUOTED_INCLUDE_IN_FRAMEWORK_HEADER = YES;
				CLANG_WARN_RANGE_LOOP_ANALYSIS = YES;
				CLANG_WARN_STRICT_PROTOTYPES = YES;
				CLANG_WARN_SUSPICIOUS_MOVE = YES;
				CLANG_WARN_UNGUARDED_AVAILABILITY = YES_AGGRESSIVE;
				CLANG_WARN_UNREACHABLE_CODE = YES;
				CLANG_WARN__DUPLICATE_METHOD_MATCH = YES;
				COPY_PHASE_STRIP = NO;
				DEBUG_INFORMATION_FORMAT = "dwarf-with-dsym";
				ENABLE_NS_ASSERTIONS = NO;
				ENABLE_STRICT_OBJC_MSGSEND = YES;
				GCC_C_LANGUAGE_STANDARD = gnu11;
				GCC_NO_COMMON_BLOCKS = YES;
				GCC_WARN_64_TO_32_BIT_CONVERSION = YES;
				GCC_WARN_ABOUT_RETURN_TYPE = YES_ERROR;
				GCC_WARN_UNDECLARED_SELECTOR = YES;
				GCC_WARN_UNINITIALIZED_AUTOS = YES_AGGRESSIVE;
				GCC_WARN_UNUSED_FUNCTION = YES;
				GCC_WARN_UNUSED_VARIABLE = YES;
				IPHONEOS_DEPLOYMENT_TARGET = 16.4;
				MTL_ENABLE_DEBUG_INFO = NO;
				MTL_FAST_MATH = YES;
				SDKROOT = iphoneos;
				SWIFT_COMPILATION_MODE = wholemodule;
				SWIFT_OPTIMIZATION_LEVEL = "-O";
				VALIDATE_PRODUCT = YES;
			};
			name = Release;
		};
		7D40659529DC7E1C000A8119 /* Debug */ = {
			isa = XCBuildConfiguration;
			buildSettings = {
				ASSETCATALOG_COMPILER_APPICON_NAME = AppIcon;
				ASSETCATALOG_COMPILER_GLOBAL_ACCENT_COLOR_NAME = AccentColor;
				CODE_SIGN_STYLE = Automatic;
				CURRENT_PROJECT_VERSION = 1;
				GENERATE_INFOPLIST_FILE = YES;
				INFOPLIST_FILE = mayTinh/Info.plist;
				INFOPLIST_KEY_UIApplicationSupportsIndirectInputEvents = YES;
				INFOPLIST_KEY_UILaunchStoryboardName = LaunchScreen;
				INFOPLIST_KEY_UIMainStoryboardFile = Main;
				INFOPLIST_KEY_UISupportedInterfaceOrientations_iPad = "UIInterfaceOrientationPortrait UIInterfaceOrientationPortraitUpsideDown UIInterfaceOrientationLandscapeLeft UIInterfaceOrientationLandscapeRight";
				INFOPLIST_KEY_UISupportedInterfaceOrientations_iPhone = "UIInterfaceOrientationPortrait UIInterfaceOrientationLandscapeLeft UIInterfaceOrientationLandscapeRight";
				LD_RUNPATH_SEARCH_PATHS = (
					"$(inherited)",
					"@executable_path/Frameworks",
				);
				MARKETING_VERSION = 1.0;
				PRODUCT_BUNDLE_IDENTIFIER = com.qcth199x.mayTinh;
				PRODUCT_NAME = "$(TARGET_NAME)";
				SWIFT_EMIT_LOC_STRINGS = YES;
				SWIFT_VERSION = 5.0;
				TARGETED_DEVICE_FAMILY = "1,2";
			};
			name = Debug;
		};
		7D40659629DC7E1C000A8119 /* Release */ = {
			isa = XCBuildConfiguration;
			buildSettings = {
				ASSETCATALOG_COMPILER_APPICON_NAME = AppIcon;
				ASSETCATALOG_COMPILER_GLOBAL_ACCENT_COLOR_NAME = AccentColor;
				CODE_SIGN_STYLE = Automatic;
				CURRENT_PROJECT_VERSION = 1;
				GENERATE_INFOPLIST_FILE = YES;
				INFOPLIST_FILE = mayTinh/Info.plist;
				INFOPLIST_KEY_UIApplicationSupportsIndirectInputEvents = YES;
				INFOPLIST_KEY_UILaunchStoryboardName = LaunchScreen;
				INFOPLIST_KEY_UIMainStoryboardFile = Main;
				INFOPLIST_KEY_UISupportedInterfaceOrientations_iPad = "UIInterfaceOrientationPortrait UIInterfaceOrientationPortraitUpsideDown UIInterfaceOrientationLandscapeLeft UIInterfaceOrientationLandscapeRight";
				INFOPLIST_KEY_UISupportedInterfaceOrientations_iPhone = "UIInterfaceOrientationPortrait UIInterfaceOrientationLandscapeLeft UIInterfaceOrientationLandscapeRight";
				LD_RUNPATH_SEARCH_PATHS = (
					"$(inherited)",
					"@executable_path/Frameworks",
				);
				MARKETING_VERSION = 1.0;
				PRODUCT_BUNDLE_IDENTIFIER = com.qcth199x.mayTinh;
				PRODUCT_NAME = "$(TARGET_NAME)";
				SWIFT_EMIT_LOC_STRINGS = YES;
				SWIFT_VERSION = 5.0;
				TARGETED_DEVICE_FAMILY = "1,2";
			};
			name = Release;
		};
		7D40659829DC7E1C000A8119 /* Debug */ = {
			isa = XCBuildConfiguration;
			buildSettings = {
				ALWAYS_EMBED_SWIFT_STANDARD_LIBRARIES = YES;
				BUNDLE_LOADER = "$(TEST_HOST)";
				CODE_SIGN_STYLE = Automatic;
				CURRENT_PROJECT_VERSION = 1;
				GENERATE_INFOPLIST_FILE = YES;
				IPHONEOS_DEPLOYMENT_TARGET = 16.4;
				MARKETING_VERSION = 1.0;
				PRODUCT_BUNDLE_IDENTIFIER = com.qcth199x.mayTinhTests;
				PRODUCT_NAME = "$(TARGET_NAME)";
				SWIFT_EMIT_LOC_STRINGS = NO;
				SWIFT_VERSION = 5.0;
				TARGETED_DEVICE_FAMILY = "1,2";
				TEST_HOST = "$(BUILT_PRODUCTS_DIR)/mayTinh.app/$(BUNDLE_EXECUTABLE_FOLDER_PATH)/mayTinh";
			};
			name = Debug;
		};
		7D40659929DC7E1C000A8119 /* Release */ = {
			isa = XCBuildConfiguration;
			buildSettings = {
				ALWAYS_EMBED_SWIFT_STANDARD_LIBRARIES = YES;
				BUNDLE_LOADER = "$(TEST_HOST)";
				CODE_SIGN_STYLE = Automatic;
				CURRENT_PROJECT_VERSION = 1;
				GENERATE_INFOPLIST_FILE = YES;
				IPHONEOS_DEPLOYMENT_TARGET = 16.4;
				MARKETING_VERSION = 1.0;
				PRODUCT_BUNDLE_IDENTIFIER = com.qcth199x.mayTinhTests;
				PRODUCT_NAME = "$(TARGET_NAME)";
				SWIFT_EMIT_LOC_STRINGS = NO;
				SWIFT_VERSION = 5.0;
				TARGETED_DEVICE_FAMILY = "1,2";
				TEST_HOST = "$(BUILT_PRODUCTS_DIR)/mayTinh.app/$(BUNDLE_EXECUTABLE_FOLDER_PATH)/mayTinh";
			};
			name = Release;
		};
		7D40659B29DC7E1C000A8119 /* Debug */ = {
			isa = XCBuildConfiguration;
			buildSettings = {
				ALWAYS_EMBED_SWIFT_STANDARD_LIBRARIES = YES;
				CODE_SIGN_STYLE = Automatic;
				CURRENT_PROJECT_VERSION = 1;
				GENERATE_INFOPLIST_FILE = YES;
				MARKETING_VERSION = 1.0;
				PRODUCT_BUNDLE_IDENTIFIER = com.qcth199x.mayTinhUITests;
				PRODUCT_NAME = "$(TARGET_NAME)";
				SWIFT_EMIT_LOC_STRINGS = NO;
				SWIFT_VERSION = 5.0;
				TARGETED_DEVICE_FAMILY = "1,2";
				TEST_TARGET_NAME = mayTinh;
			};
			name = Debug;
		};
		7D40659C29DC7E1C000A8119 /* Release */ = {
			isa = XCBuildConfiguration;
			buildSettings = {
				ALWAYS_EMBED_SWIFT_STANDARD_LIBRARIES = YES;
				CODE_SIGN_STYLE = Automatic;
				CURRENT_PROJECT_VERSION = 1;
				GENERATE_INFOPLIST_FILE = YES;
				MARKETING_VERSION = 1.0;
				PRODUCT_BUNDLE_IDENTIFIER = com.qcth199x.mayTinhUITests;
				PRODUCT_NAME = "$(TARGET_NAME)";
				SWIFT_EMIT_LOC_STRINGS = NO;
				SWIFT_VERSION = 5.0;
				TARGETED_DEVICE_FAMILY = "1,2";
				TEST_TARGET_NAME = mayTinh;
			};
			name = Release;
		};
/* End XCBuildConfiguration section */

/* Begin XCConfigurationList section */
		7D40656229DC7E1B000A8119 /* Build configuration list for PBXProject "mayTinh" */ = {
			isa = XCConfigurationList;
			buildConfigurations = (
				7D40659229DC7E1C000A8119 /* Debug */,
				7D40659329DC7E1C000A8119 /* Release */,
			);
			defaultConfigurationIsVisible = 0;
			defaultConfigurationName = Release;
		};
		7D40659429DC7E1C000A8119 /* Build configuration list for PBXNativeTarget "mayTinh" */ = {
			isa = XCConfigurationList;
			buildConfigurations = (
				7D40659529DC7E1C000A8119 /* Debug */,
				7D40659629DC7E1C000A8119 /* Release */,
			);
			defaultConfigurationIsVisible = 0;
			defaultConfigurationName = Release;
		};
		7D40659729DC7E1C000A8119 /* Build configuration list for PBXNativeTarget "mayTinhTests" */ = {
			isa = XCConfigurationList;
			buildConfigurations = (
				7D40659829DC7E1C000A8119 /* Debug */,
				7D40659929DC7E1C000A8119 /* Release */,
			);
			defaultConfigurationIsVisible = 0;
			defaultConfigurationName = Release;
		};
		7D40659A29DC7E1C000A8119 /* Build configuration list for PBXNativeTarget "mayTinhUITests" */ = {
			isa = XCConfigurationList;
			buildConfigurations = (
				7D40659B29DC7E1C000A8119 /* Debug */,
				7D40659C29DC7E1C000A8119 /* Release */,
			);
			defaultConfigurationIsVisible = 0;
			defaultConfigurationName = Release;
		};
/* End XCConfigurationList section */

/* Begin XCVersionGroup section */
		7D40657329DC7E1B000A8119 /* mayTinh.xcdatamodeld */ = {
			isa = XCVersionGroup;
			children = (
				7D40657429DC7E1B000A8119 /* mayTinh.xcdatamodel */,
			);
			currentVersion = 7D40657429DC7E1B000A8119 /* mayTinh.xcdatamodel */;
			path = mayTinh.xcdatamodeld;
			sourceTree = "<group>";
			versionGroupType = wrapper.xcdatamodel;
		};
/* End XCVersionGroup section */
	};
	rootObject = 7D40655F29DC7E1B000A8119 /* Project object */;
}
